{
  "name": "medical_image_cutting-C",
  "lockfileVersion": 2,
  "requires": true,
  "packages": {
    "": {
      "dependencies": {
        "@types/amap-js-api": "^1.4.13",
        "uview-ui": "^1.8.8"
      }
    },
    "node_modules/@types/amap-js-api": {
      "version": "1.4.13",
      "resolved": "https://registry.npmjs.org/@types/amap-js-api/-/amap-js-api-1.4.13.tgz",
      "integrity": "sha512-uHgYGpAokjME6Q6TxyBThi0m1KoNFk2OmGjH//tZkfBExCG+MkQaHzr9oSaz981DoCaH95E7Cazokah6TXm1BA=="
    },
    "node_modules/uview-ui": {
      "version": "1.8.8",
      "resolved": "https://registry.npmjs.org/uview-ui/-/uview-ui-1.8.8.tgz",
      "integrity": "sha512-Osal3yzXiHor0In9OPTZuXTaqTbDglMZ9RGK/MPYDoQQs+y0hrBCUD0Xp5T70C8i2lLu2X6Z11zJhmsQWMR7Jg=="
    }
  },
  "dependencies": {
    "@types/amap-js-api": {
      "version": "1.4.13",
      "resolved": "https://registry.npmjs.org/@types/amap-js-api/-/amap-js-api-1.4.13.tgz",
      "integrity": "sha512-uHgYGpAokjME6Q6TxyBThi0m1KoNFk2OmGjH//tZkfBExCG+MkQaHzr9oSaz981DoCaH95E7Cazokah6TXm1BA=="
    },
    "uview-ui": {
      "version": "1.8.8",
      "resolved": "https://registry.npmjs.org/uview-ui/-/uview-ui-1.8.8.tgz",
      "integrity": "sha512-Osal3yzXiHor0In9OPTZuXTaqTbDglMZ9RGK/MPYDoQQs+y0hrBCUD0Xp5T70C8i2lLu2X6Z11zJhmsQWMR7Jg=="
    }
  }
}
